
Microsoft Visual Studio Solution File, Format Version 12.00
# Visual Studio Version 17
VisualStudioVersion = 17.9.34622.214
MinimumVisualStudioVersion = 10.0.40219.1
Project("{9A19103F-16F7-4668-BE54-9A1E7A4F7556}") = "Dane_pogoda", "Dane_pogoda.csproj", "{1877D047-EA42-4956-92B3-DD8B09B56A39}"
EndProject
Project("{FAE04EC0-301F-11D3-BF4B-00C04F79EFBC}") = "GUI", "..\GUI\GUI.csproj", "{AD796ACA-E39D-4EDE-A72E-7834CD794BD2}"
EndProject
Global
	GlobalSection(SolutionConfigurationPlatforms) = preSolution
		Debug|Any CPU = Debug|Any CPU
		Release|Any CPU = Release|Any CPU
	EndGlobalSection
	GlobalSection(ProjectConfigurationPlatforms) = postSolution
		{1877D047-EA42-4956-92B3-DD8B09B56A39}.Debug|Any CPU.ActiveCfg = Debug|Any CPU
		{1877D047-EA42-4956-92B3-DD8B09B56A39}.Debug|Any CPU.Build.0 = Debug|Any CPU
		{1877D047-EA42-4956-92B3-DD8B09B56A39}.Release|Any CPU.ActiveCfg = Release|Any CPU
		{1877D047-EA42-4956-92B3-DD8B09B56A39}.Release|Any CPU.Build.0 = Release|Any CPU
		{AD796ACA-E39D-4EDE-A72E-7834CD794BD2}.Debug|Any CPU.ActiveCfg = Debug|Any CPU
		{AD796ACA-E39D-4EDE-A72E-7834CD794BD2}.Debug|Any CPU.Build.0 = Debug|Any CPU
		{AD796ACA-E39D-4EDE-A72E-7834CD794BD2}.Release|Any CPU.ActiveCfg = Release|Any CPU
		{AD796ACA-E39D-4EDE-A72E-7834CD794BD2}.Release|Any CPU.Build.0 = Release|Any CPU
	EndGlobalSection
	GlobalSection(SolutionProperties) = preSolution
		HideSolutionNode = FALSE
	EndGlobalSection
	GlobalSection(ExtensibilityGlobals) = postSolution
		SolutionGuid = {B24726B6-273D-455D-BD09-EADF5C32B9C3}
	EndGlobalSection
EndGlobal
